PODS:
  - CAAutoFillTextField (0.1.1)

DEPENDENCIES:
  - CAAutoFillTextField (from `~/Documents/GitHub/CAAutoFillTextField`)

EXTERNAL SOURCES:
  CAAutoFillTextField:
    :path: "~/Documents/GitHub/CAAutoFillTextField"

SPEC CHECKSUMS:
  CAAutoFillTextField: e94264e0f966b47d8f6f66ccae3bc2724b13a673

PODFILE CHECKSUM: d8dc3b44676fd344eccc3f95bb55ba22583f3d57

COCOAPODS: 1.15.2
